
Microsoft Visual Studio Solution File, Format Version 12.00
# Visual Studio Version 17
VisualStudioVersion = 17.1.32228.430
MinimumVisualStudioVersion = 10.0.40219.1
Project("{FAE04EC0-301F-11D3-BF4B-00C04F79EFBC}") = "Sniffer_LLX", "Sniffer_LLX.csproj", "{29D99D69-5ED9-4D92-96DA-68F33599F040}"
EndProject
Global
	GlobalSection(SolutionConfigurationPlatforms) = preSolution
		Debug|Any CPU = Debug|Any CPU
		Release|Any CPU = Release|Any CPU
	EndGlobalSection
	GlobalSection(ProjectConfigurationPlatforms) = postSolution
		{29D99D69-5ED9-4D92-96DA-68F33599F040}.Debug|Any CPU.ActiveCfg = Debug|Any CPU
		{29D99D69-5ED9-4D92-96DA-68F33599F040}.Debug|Any CPU.Build.0 = Debug|Any CPU
		{29D99D69-5ED9-4D92-96DA-68F33599F040}.Release|Any CPU.ActiveCfg = Release|Any CPU
		{29D99D69-5ED9-4D92-96DA-68F33599F040}.Release|Any CPU.Build.0 = Release|Any CPU
	EndGlobalSection
	GlobalSection(SolutionProperties) = preSolution
		HideSolutionNode = FALSE
	EndGlobalSection
	GlobalSection(ExtensibilityGlobals) = postSolution
		SolutionGuid = {B3BDF515-46FD-441F-99B7-D3CBFECF2470}
	EndGlobalSection
EndGlobal
